// !$*UTF8*$!
{
	archiveVersion = 1;
	classes = {
	};
	objectVersion = 46;
	objects = {

/* Begin PBXBuildFile section */
		B82BBB0B1D8BFE05004EA6FE /* AppDelegate.swift in Sources */ = {isa = PBXBuildFile; fileRef = B82BBB0A1D8BFE05004EA6FE /* AppDelegate.swift */; };
		B82BBB0D1D8BFE05004EA6FE /* ViewController.swift in Sources */ = {isa = PBXBuildFile; fileRef = B82BBB0C1D8BFE05004EA6FE /* ViewController.swift */; };
		B82BBB101D8BFE05004EA6FE /* Main.storyboard in Resources */ = {isa = PBXBuildFile; fileRef = B82BBB0E1D8BFE05004EA6FE /* Main.storyboard */; };
		B82BBB121D8BFE05004EA6FE /* Assets.xcassets in Resources */ = {isa = PBXBuildFile; fileRef = B82BBB111D8BFE05004EA6FE /* Assets.xcassets */; };
		B82BBB151D8BFE05004EA6FE /* LaunchScreen.storyboard in Resources */ = {isa = PBXBuildFile; fileRef = B82BBB131D8BFE05004EA6FE /* LaunchScreen.storyboard */; };
/* End PBXBuildFile section */

/* Begin PBXFileReference section */
		B82BBB071D8BFE05004EA6FE /* Caculator.app */ = {isa = PBXFileReference; explicitFileType = wrapper.application; includeInIndex = 0; path = Caculator.app; sourceTree = BUILT_PRODUCTS_DIR; };
		B82BBB0A1D8BFE05004EA6FE /* AppDelegate.swift */ = {isa = PBXFileReference; lastKnownFileType = sourcecode.swift; path = AppDelegate.swift; sourceTree = "<group>"; };
		B82BBB0C1D8BFE05004EA6FE /* ViewController.swift */ = {isa = PBXFileReference; lastKnownFileType = sourcecode.swift; path = ViewController.swift; sourceTree = "<group>"; };
		B82BBB0F1D8BFE05004EA6FE /* Base */ = {isa = PBXFileReference; lastKnownFileType = file.storyboard; name = Base; path = Base.lproj/Main.storyboard; sourceTree = "<group>"; };
		B82BBB111D8BFE05004EA6FE /* Assets.xcassets */ = {isa = PBXFileReference; lastKnownFileType = folder.assetcatalog; path = Assets.xcassets; sourceTree = "<group>"; };
		B82BBB141D8BFE05004EA6FE /* Base */ = {isa = PBXFileReference; lastKnownFileType = file.storyboard; name = Base; path = Base.lproj/LaunchScreen.storyboard; sourceTree = "<group>"; };
		B82BBB161D8BFE05004EA6FE /* Info.plist */ = {isa = PBXFileReference; lastKnownFileType = text.plist.xml; path = Info.plist; sourceTree = "<group>"; };
/* End PBXFileReference section */

/* Begin PBXFrameworksBuildPhase section */
		B82BBB041D8BFE05004EA6FE /* Frameworks */ = {
			isa = PBXFrameworksBuildPhase;
			buildActionMask = 2147483647;
			files = (
			);
			runOnlyForDeploymentPostprocessing = 0;
		};
/* End PBXFrameworksBuildPhase section */

/* Begin PBXGroup section */
		B82BBAFE1D8BFE04004EA6FE = {
			isa = PBXGroup;
			children = (
				B82BBB091D8BFE05004EA6FE /* Caculator */,
				B82BBB081D8BFE05004EA6FE /* Products */,
			);
			sourceTree = "<group>";
		};
		B82BBB081D8BFE05004EA6FE /* Products */ = {
			isa = PBXGroup;
			children = (
				B82BBB071D8BFE05004EA6FE /* Caculator.app */,
			);
			name = Products;
			sourceTree = "<group>";
		};
		B82BBB091D8BFE05004EA6FE /* Caculator */ = {
			isa = PBXGroup;
			children = (
				B82BBB0A1D8BFE05004EA6FE /* AppDelegate.swift */,
				B82BBB0C1D8BFE05004EA6FE /* ViewController.swift */,
				B82BBB0E1D8BFE05004EA6FE /* Main.storyboard */,
				B82BBB111D8BFE05004EA6FE /* Assets.xcassets */,
				B82BBB131D8BFE05004EA6FE /* LaunchScreen.storyboard */,
				B82BBB161D8BFE05004EA6FE /* Info.plist */,
			);
			path = Caculator;
			sourceTree = "<group>";
		};
/* End PBXGroup section */

/* Begin PBXNativeTarget section */
		B82BBB061D8BFE05004EA6FE /* Caculator */ = {
			isa = PBXNativeTarget;
			buildConfigurationList = B82BBB191D8BFE05004EA6FE /* Build configuration list for PBXNativeTarget "Caculator" */;
			buildPhases = (
				B82BBB031D8BFE05004EA6FE /* Sources */,
				B82BBB041D8BFE05004EA6FE /* Frameworks */,
				B82BBB051D8BFE05004EA6FE /* Resources */,
			);
			buildRules = (
			);
			dependencies = (
			);
			name = Caculator;
			productName = Caculator;
			productReference = B82BBB071D8BFE05004EA6FE /* Caculator.app */;
			productType = "com.apple.product-type.application";
		};
/* End PBXNativeTarget section */

/* Begin PBXProject section */
		B82BBAFF1D8BFE04004EA6FE /* Project object */ = {
			isa = PBXProject;
			attributes = {
				LastSwiftUpdateCheck = 0730;
				LastUpgradeCheck = 0730;
				ORGANIZATIONNAME = AgniAdmin;
				TargetAttributes = {
					B82BBB061D8BFE05004EA6FE = {
						CreatedOnToolsVersion = 7.3.1;
					};
				};
			};
			buildConfigurationList = B82BBB021D8BFE04004EA6FE /* Build configuration list for PBXProject "Caculator" */;
			compatibilityVersion = "Xcode 3.2";
			developmentRegion = English;
			hasScannedForEncodings = 0;
			knownRegions = (
				en,
				Base,
			);
			mainGroup = B82BBAFE1D8BFE04004EA6FE;
			productRefGroup = B82BBB081D8BFE05004EA6FE /* Products */;
			projectDirPath = "";
			projectRoot = "";
			targets = (
				B82BBB061D8BFE05004EA6FE /* Caculator */,
			);
		};
/* End PBXProject section */

/* Begin PBXResourcesBuildPhase section */
		B82BBB051D8BFE05004EA6FE /* Resources */ = {
			isa = PBXResourcesBuildPhase;
			buildActionMask = 2147483647;
			files = (
				B82BBB151D8BFE05004EA6FE /* LaunchScreen.storyboard in Resources */,
				B82BBB121D8BFE05004EA6FE /* Assets.xcassets in Resources */,
				B82BBB101D8BFE05004EA6FE /* Main.storyboard in Resources */,
			);
			runOnlyForDeploymentPostprocessing = 0;
		};
/* End PBXResourcesBuildPhase section */

/* Begin PBXSourcesBuildPhase section */
		B82BBB031D8BFE05004EA6FE /* Sources */ = {
			isa = PBXSourcesBuildPhase;
			buildActionMask = 2147483647;
			files = (
				B82BBB0D1D8BFE05004EA6FE /* ViewController.swift in Sources */,
				B82BBB0B1D8BFE05004EA6FE /* AppDelegate.swift in Sources */,
			);
			runOnlyForDeploymentPostprocessing = 0;
		};
/* End PBXSourcesBuildPhase section */

/* Begin PBXVariantGroup section */
		B82BBB0E1D8BFE05004EA6FE /* Main.storyboard */ = {
			isa = PBXVariantGroup;
			children = (
				B82BBB0F1D8BFE05004EA6FE /* Base */,
			);
			name = Main.storyboard;
			sourceTree = "<group>";
		};
		B82BBB131D8BFE05004EA6FE /* LaunchScreen.storyboard */ = {
			isa = PBXVariantGroup;
			children = (
				B82BBB141D8BFE05004EA6FE /* Base */,
			);
			name = LaunchScreen.storyboard;
			sourceTree = "<group>";
		};
/* End PBXVariantGroup section */

/* Begin XCBuildConfiguration section */
		B82BBB171D8BFE05004EA6FE /* Debug */ = {
			isa = XCBuildConfiguration;
			buildSettings = {
				ALWAYS_SEARCH_USER_PATHS = NO;
				CLANG_ANALYZER_NONNULL = YES;
				CLANG_CXX_LANGUAGE_STANDARD = "gnu++0x";
				CLANG_CXX_LIBRARY = "libc++";
				CLANG_ENABLE_MODULES = YES;
				CLANG_ENABLE_OBJC_ARC = YES;
				CLANG_WARN_BOOL_CONVERSION = YES;
				CLANG_WARN_CONSTANT_CONVERSION = YES;
				CLANG_WARN_DIRECT_OBJC_ISA_USAGE = YES_ERROR;
				CLANG_WARN_EMPTY_BODY = YES;
				CLANG_WARN_ENUM_CONVERSION = YES;
				CLANG_WARN_INT_CONVERSION = YES;
				CLANG_WARN_OBJC_ROOT_CLASS = YES_ERROR;
				CLANG_WARN_UNREACHABLE_CODE = YES;
				CLANG_WARN__DUPLICATE_METHOD_MATCH = YES;
				"CODE_SIGN_IDENTITY[sdk=iphoneos*]" = "iPhone Developer";
				COPY_PHASE_STRIP = NO;
				DEBUG_INFORMATION_FORMAT = dwarf;
				ENABLE_STRICT_OBJC_MSGSEND = YES;
				ENABLE_TESTABILITY = YES;
				GCC_C_LANGUAGE_STANDARD = gnu99;
				GCC_DYNAMIC_NO_PIC = NO;
				GCC_NO_COMMON_BLOCKS = YES;
				GCC_OPTIMIZATION_LEVEL = 0;
				GCC_PREPROCESSOR_DEFINITIONS = (
					"DEBUG=1",
					"$(inherited)",
				);
				GCC_WARN_64_TO_32_BIT_CONVERSION = YES;
				GCC_WARN_ABOUT_RETURN_TYPE = YES_ERROR;
				GCC_WARN_UNDECLARED_SELECTOR = YES;
				GCC_WARN_UNINITIALIZED_AUTOS = YES_AGGRESSIVE;
				GCC_WARN_UNUSED_FUNCTION = YES;
				GCC_WARN_UNUSED_VARIABLE = YES;
				IPHONEOS_DEPLOYMENT_TARGET = 9.3;
				MTL_ENABLE_DEBUG_INFO = YES;
				ONLY_ACTIVE_ARCH = YES;
				SDKROOT = iphoneos;
				SWIFT_OPTIMIZATION_LEVEL = "-Onone";
				TARGETED_DEVICE_FAMILY = "1,2";
			};
			name = Debug;
		};
		B82BBB181D8BFE05004EA6FE /* Release */ = {
			isa = XCBuildConfiguration;
			buildSettings = {
				ALWAYS_SEARCH_USER_PATHS = NO;
				CLANG_ANALYZER_NONNULL = YES;
				CLANG_CXX_LANGUAGE_STANDARD = "gnu++0x";
				CLANG_CXX_LIBRARY = "libc++";
				CLANG_ENABLE_MODULES = YES;
				CLANG_ENABLE_OBJC_ARC = YES;
				CLANG_WARN_BOOL_CONVERSION = YES;
				CLANG_WARN_CONSTANT_CONVERSION = YES;
				CLANG_WARN_DIRECT_OBJC_ISA_USAGE = YES_ERROR;
				CLANG_WARN_EMPTY_BODY = YES;
				CLANG_WARN_ENUM_CONVERSION = YES;
				CLANG_WARN_INT_CONVERSION = YES;
				CLANG_WARN_OBJC_ROOT_CLASS = YES_ERROR;
				CLANG_WARN_UNREACHABLE_CODE = YES;
				CLANG_WARN__DUPLICATE_METHOD_MATCH = YES;
				"CODE_SIGN_IDENTITY[sdk=iphoneos*]" = "iPhone Developer";
				COPY_PHASE_STRIP = NO;
				DEBUG_INFORMATION_FORMAT = "dwarf-with-dsym";
				ENABLE_NS_ASSERTIONS = NO;
				ENABLE_STRICT_OBJC_MSGSEND = YES;
				GCC_C_LANGUAGE_STANDARD = gnu99;
				GCC_NO_COMMON_BLOCKS = YES;
				GCC_WARN_64_TO_32_BIT_CONVERSION = YES;
				GCC_WARN_ABOUT_RETURN_TYPE = YES_ERROR;
				GCC_WARN_UNDECLARED_SELECTOR = YES;
				GCC_WARN_UNINITIALIZED_AUTOS = YES_AGGRESSIVE;
				GCC_WARN_UNUSED_FUNCTION = YES;
				GCC_WARN_UNUSED_VARIABLE = YES;
				IPHONEOS_DEPLOYMENT_TARGET = 9.3;
				MTL_ENABLE_DEBUG_INFO = NO;
				SDKROOT = iphoneos;
				TARGETED_DEVICE_FAMILY = "1,2";
				VALIDATE_PRODUCT = YES;
			};
			name = Release;
		};
		B82BBB1A1D8BFE05004EA6FE /* Debug */ = {
			isa = XCBuildConfiguration;
			buildSettings = {
				ASSETCATALOG_COMPILER_APPICON_NAME = AppIcon;
				INFOPLIST_FILE = Caculator/Info.plist;
				LD_RUNPATH_SEARCH_PATHS = "$(inherited) @executable_path/Frameworks";
				PRODUCT_BUNDLE_IDENTIFIER = "com-Learn.Agni.Caculator";
				PRODUCT_NAME = "$(TARGET_NAME)";
			};
			name = Debug;
		};
		B82BBB1B1D8BFE05004EA6FE /* Release */ = {
			isa = XCBuildConfiguration;
			buildSettings = {
				ASSETCATALOG_COMPILER_APPICON_NAME = AppIcon;
				INFOPLIST_FILE = Caculator/Info.plist;
				LD_RUNPATH_SEARCH_PATHS = "$(inherited) @executable_path/Frameworks";
				PRODUCT_BUNDLE_IDENTIFIER = "com-Learn.Agni.Caculator";
				PRODUCT_NAME = "$(TARGET_NAME)";
			};
			name = Release;
		};
/* End XCBuildConfiguration section */

/* Begin XCConfigurationList section */
		B82BBB021D8BFE04004EA6FE /* Build configuration list for PBXProject "Caculator" */ = {
			isa = XCConfigurationList;
			buildConfigurations = (
				B82BBB171D8BFE05004EA6FE /* Debug */,
				B82BBB181D8BFE05004EA6FE /* Release */,
			);
			defaultConfigurationIsVisible = 0;
			defaultConfigurationName = Release;
		};
		B82BBB191D8BFE05004EA6FE /* Build configuration list for PBXNativeTarget "Caculator" */ = {
			isa = XCConfigurationList;
			buildConfigurations = (
				B82BBB1A1D8BFE05004EA6FE /* Debug */,
				B82BBB1B1D8BFE05004EA6FE /* Release */,
			);
			defaultConfigurationIsVisible = 0;
		};
/* End XCConfigurationList section */
	};
	rootObject = B82BBAFF1D8BFE04004EA6FE /* Project object */;
}
